
Microsoft Visual Studio Solution File, Format Version 12.00
# Visual Studio 2017
Project("{FAE04EC0-301F-11D3-BF4B-00C04F79EFBC}") = "CS4590_Project", "CS4590_Project.csproj", "{A8847FBD-4A18-93D5-294F-26121482A047}"
EndProject
Global
	GlobalSection(SolutionConfigurationPlatforms) = preSolution
		Debug|Any CPU = Debug|Any CPU
		Release|Any CPU = Release|Any CPU
	EndGlobalSection
	GlobalSection(ProjectConfigurationPlatforms) = postSolution
		{A8847FBD-4A18-93D5-294F-26121482A047}.Debug|Any CPU.ActiveCfg = Debug|Any CPU
		{A8847FBD-4A18-93D5-294F-26121482A047}.Debug|Any CPU.Build.0 = Debug|Any CPU
		{A8847FBD-4A18-93D5-294F-26121482A047}.Release|Any CPU.ActiveCfg = Release|Any CPU
		{A8847FBD-4A18-93D5-294F-26121482A047}.Release|Any CPU.Build.0 = Release|Any CPU
	EndGlobalSection
	GlobalSection(SolutionProperties) = preSolution
		HideSolutionNode = FALSE
	EndGlobalSection
EndGlobal
